{
  "name": "fairy-tales",
  "version": "1.0.0",
  "lockfileVersion": 3,
  "requires": true,
  "packages": {
    "": {
      "name": "fairy-tales",
      "version": "1.0.0",
      "workspaces": [
        "packages/*"
      ]
    },
    "node_modules/@fairy-tales/backend": {
      "resolved": "packages/backend",
      "link": true
    },
    "node_modules/@fairy-tales/frontend": {
      "resolved": "packages/frontend",
      "link": true
    },
    "node_modules/@fairy-tales/shared": {
      "resolved": "packages/shared",
      "link": true
    },
    "node_modules/zod": {
      "version": "3.25.76",
      "resolved": "https://registry.npmjs.org/zod/-/zod-3.25.76.tgz",
      "integrity": "sha512-gzUt/qt81nXsFGKIFcC3YnfEAx5NkunCfnDlvuBSSFS02bcXu4Lmea0AFIUwbLWxWPx3d9p8S5QoaujKcNQxcQ==",
      "license": "MIT",
      "funding": {
        "url": "https://github.com/sponsors/colinhacks"
      }
    },
    "packages/backend": {
      "name": "@fairy-tales/backend",
      "version": "1.0.0",
      "license": "MIT"
    },
    "packages/frontend": {
      "name": "@fairy-tales/frontend",
      "version": "1.0.0",
      "license": "MIT"
    },
    "packages/shared": {
      "name": "@fairy-tales/shared",
      "version": "1.0.0",
      "license": "MIT",
      "dependencies": {
        "zod": "^3.23.8"
      }
    }
  }
}
